
Microsoft Visual Studio Solution File, Format Version 12.00
# Visual Studio Version 16
VisualStudioVersion = 16.0.29009.5
MinimumVisualStudioVersion = 10.0.40219.1
Project("{FAE04EC0-301F-11D3-BF4B-00C04F79EFBC}") = "PrimeiraAplicacao", "PrimeiraAplicacao.csproj", "{CD90D1D1-F302-4DF6-ADBA-C03353BA5285}"
EndProject
Global
	GlobalSection(SolutionConfigurationPlatforms) = preSolution
		Debug|Any CPU = Debug|Any CPU
		Release|Any CPU = Release|Any CPU
	EndGlobalSection
	GlobalSection(ProjectConfigurationPlatforms) = postSolution
		{CD90D1D1-F302-4DF6-ADBA-C03353BA5285}.Debug|Any CPU.ActiveCfg = Debug|Any CPU
		{CD90D1D1-F302-4DF6-ADBA-C03353BA5285}.Debug|Any CPU.Build.0 = Debug|Any CPU
		{CD90D1D1-F302-4DF6-ADBA-C03353BA5285}.Release|Any CPU.ActiveCfg = Release|Any CPU
		{CD90D1D1-F302-4DF6-ADBA-C03353BA5285}.Release|Any CPU.Build.0 = Release|Any CPU
	EndGlobalSection
	GlobalSection(SolutionProperties) = preSolution
		HideSolutionNode = FALSE
	EndGlobalSection
	GlobalSection(ExtensibilityGlobals) = postSolution
		SolutionGuid = {CBB2DB02-A639-4394-BA16-CB79BC0DA616}
	EndGlobalSection
EndGlobal
